
Microsoft Visual Studio Solution File, Format Version 12.00
# Visual Studio 2012
Project("{FAE04EC0-301F-11D3-BF4B-00C04F79EFBC}") = "CourseGuide", "CourseGuide\CourseGuide.csproj", "{BCA9DFA2-F735-4BC8-AEE1-9D5F6824F500}"
EndProject
Global
	GlobalSection(SolutionConfigurationPlatforms) = preSolution
		Debug|iPhoneSimulator = Debug|iPhoneSimulator
		Release|iPhone = Release|iPhone
		Release|iPhoneSimulator = Release|iPhoneSimulator
		Debug|iPhone = Debug|iPhone
	EndGlobalSection
	GlobalSection(ProjectConfigurationPlatforms) = postSolution
		{BCA9DFA2-F735-4BC8-AEE1-9D5F6824F500}.Debug|iPhoneSimulator.ActiveCfg = Debug|iPhoneSimulator
		{BCA9DFA2-F735-4BC8-AEE1-9D5F6824F500}.Debug|iPhoneSimulator.Build.0 = Debug|iPhoneSimulator
		{BCA9DFA2-F735-4BC8-AEE1-9D5F6824F500}.Release|iPhone.ActiveCfg = Release|iPhone
		{BCA9DFA2-F735-4BC8-AEE1-9D5F6824F500}.Release|iPhone.Build.0 = Release|iPhone
		{BCA9DFA2-F735-4BC8-AEE1-9D5F6824F500}.Release|iPhoneSimulator.ActiveCfg = Release|iPhoneSimulator
		{BCA9DFA2-F735-4BC8-AEE1-9D5F6824F500}.Release|iPhoneSimulator.Build.0 = Release|iPhoneSimulator
		{BCA9DFA2-F735-4BC8-AEE1-9D5F6824F500}.Debug|iPhone.ActiveCfg = Debug|iPhone
		{BCA9DFA2-F735-4BC8-AEE1-9D5F6824F500}.Debug|iPhone.Build.0 = Debug|iPhone
	EndGlobalSection
EndGlobal
